
Microsoft Visual Studio Solution File, Format Version 12.00
# Visual Studio Version 16
VisualStudioVersion = 16.0.30204.135
MinimumVisualStudioVersion = 10.0.40219.1
Project("{FAE04EC0-301F-11D3-BF4B-00C04F79EFBC}") = "MEF.DemoOne", "MEF.DemoOne\MEF.DemoOne.csproj", "{212577D8-3217-4F80-942E-D1275C30B6B9}"
EndProject
Project("{FAE04EC0-301F-11D3-BF4B-00C04F79EFBC}") = "MEF.DemoTwo", "MEF.DemoTwo\MEF.DemoTwo.csproj", "{BB954E56-AC6D-4864-B412-27332DDD45EC}"
EndProject
Project("{FAE04EC0-301F-11D3-BF4B-00C04F79EFBC}") = "MEF.DemoThree", "MEF.DemoThree\MEF.DemoThree.csproj", "{62CBB8DC-59D3-481A-9C7C-D6FD9BFA0565}"
EndProject
Project("{FAE04EC0-301F-11D3-BF4B-00C04F79EFBC}") = "MEF.Bank.Client", "MEF.Bank.Client\MEF.Bank.Client.csproj", "{3FE814DF-40F7-4E30-87AB-6E7499EDE938}"
EndProject
Project("{FAE04EC0-301F-11D3-BF4B-00C04F79EFBC}") = "MEF.Bank.BankOfChina", "BankOfChina\MEF.Bank.BankOfChina.csproj", "{AB4735B4-A8B9-44D9-B09A-81A4B49E9AAC}"
EndProject
Project("{FAE04EC0-301F-11D3-BF4B-00C04F79EFBC}") = "MEF.Bank.BankInterface", "MEF.Bank.BankInterface\MEF.Bank.BankInterface.csproj", "{57DC1499-200C-49C9-BE7C-A74AF17DA7EC}"
EndProject
Global
	GlobalSection(SolutionConfigurationPlatforms) = preSolution
		Debug|Any CPU = Debug|Any CPU
		Release|Any CPU = Release|Any CPU
	EndGlobalSection
	GlobalSection(ProjectConfigurationPlatforms) = postSolution
		{212577D8-3217-4F80-942E-D1275C30B6B9}.Debug|Any CPU.ActiveCfg = Debug|Any CPU
		{212577D8-3217-4F80-942E-D1275C30B6B9}.Debug|Any CPU.Build.0 = Debug|Any CPU
		{212577D8-3217-4F80-942E-D1275C30B6B9}.Release|Any CPU.ActiveCfg = Release|Any CPU
		{212577D8-3217-4F80-942E-D1275C30B6B9}.Release|Any CPU.Build.0 = Release|Any CPU
		{BB954E56-AC6D-4864-B412-27332DDD45EC}.Debug|Any CPU.ActiveCfg = Debug|Any CPU
		{BB954E56-AC6D-4864-B412-27332DDD45EC}.Debug|Any CPU.Build.0 = Debug|Any CPU
		{BB954E56-AC6D-4864-B412-27332DDD45EC}.Release|Any CPU.ActiveCfg = Release|Any CPU
		{BB954E56-AC6D-4864-B412-27332DDD45EC}.Release|Any CPU.Build.0 = Release|Any CPU
		{62CBB8DC-59D3-481A-9C7C-D6FD9BFA0565}.Debug|Any CPU.ActiveCfg = Debug|Any CPU
		{62CBB8DC-59D3-481A-9C7C-D6FD9BFA0565}.Debug|Any CPU.Build.0 = Debug|Any CPU
		{62CBB8DC-59D3-481A-9C7C-D6FD9BFA0565}.Release|Any CPU.ActiveCfg = Release|Any CPU
		{62CBB8DC-59D3-481A-9C7C-D6FD9BFA0565}.Release|Any CPU.Build.0 = Release|Any CPU
		{3FE814DF-40F7-4E30-87AB-6E7499EDE938}.Debug|Any CPU.ActiveCfg = Debug|Any CPU
		{3FE814DF-40F7-4E30-87AB-6E7499EDE938}.Debug|Any CPU.Build.0 = Debug|Any CPU
		{3FE814DF-40F7-4E30-87AB-6E7499EDE938}.Release|Any CPU.ActiveCfg = Release|Any CPU
		{3FE814DF-40F7-4E30-87AB-6E7499EDE938}.Release|Any CPU.Build.0 = Release|Any CPU
		{AB4735B4-A8B9-44D9-B09A-81A4B49E9AAC}.Debug|Any CPU.ActiveCfg = Debug|Any CPU
		{AB4735B4-A8B9-44D9-B09A-81A4B49E9AAC}.Debug|Any CPU.Build.0 = Debug|Any CPU
		{AB4735B4-A8B9-44D9-B09A-81A4B49E9AAC}.Release|Any CPU.ActiveCfg = Release|Any CPU
		{AB4735B4-A8B9-44D9-B09A-81A4B49E9AAC}.Release|Any CPU.Build.0 = Release|Any CPU
		{57DC1499-200C-49C9-BE7C-A74AF17DA7EC}.Debug|Any CPU.ActiveCfg = Debug|Any CPU
		{57DC1499-200C-49C9-BE7C-A74AF17DA7EC}.Debug|Any CPU.Build.0 = Debug|Any CPU
		{57DC1499-200C-49C9-BE7C-A74AF17DA7EC}.Release|Any CPU.ActiveCfg = Release|Any CPU
		{57DC1499-200C-49C9-BE7C-A74AF17DA7EC}.Release|Any CPU.Build.0 = Release|Any CPU
	EndGlobalSection
	GlobalSection(SolutionProperties) = preSolution
		HideSolutionNode = FALSE
	EndGlobalSection
	GlobalSection(ExtensibilityGlobals) = postSolution
		SolutionGuid = {6F847ED2-6382-412B-8866-FAC70800E3DD}
	EndGlobalSection
EndGlobal
